// !$*UTF8*$!
{
	archiveVersion = 1;
	classes = {
	};
	objectVersion = 50;
	objects = {

/* Begin PBXBuildFile section */
		674216BF252B3F0F000B2DF4 /* MainTabController.swift in Sources */ = {isa = PBXBuildFile; fileRef = 674216BE252B3F0F000B2DF4 /* MainTabController.swift */; };
		674216C2252B4622000B2DF4 /* FeedController.swift in Sources */ = {isa = PBXBuildFile; fileRef = 674216C1252B4622000B2DF4 /* FeedController.swift */; };
		674216C5252B464A000B2DF4 /* ExploreController.swift in Sources */ = {isa = PBXBuildFile; fileRef = 674216C4252B464A000B2DF4 /* ExploreController.swift */; };
		674216C9252B4670000B2DF4 /* NotificationsController.swift in Sources */ = {isa = PBXBuildFile; fileRef = 674216C8252B4670000B2DF4 /* NotificationsController.swift */; };
		674216CC252B468E000B2DF4 /* ConversationsController.swift in Sources */ = {isa = PBXBuildFile; fileRef = 674216CB252B468E000B2DF4 /* ConversationsController.swift */; };
		674BDA18252B568500C8B0B2 /* Extensions.swift in Sources */ = {isa = PBXBuildFile; fileRef = 674BDA17252B568500C8B0B2 /* Extensions.swift */; };
		674BDA1C252B5EC500C8B0B2 /* LoginController.swift in Sources */ = {isa = PBXBuildFile; fileRef = 674BDA1B252B5EC500C8B0B2 /* LoginController.swift */; };
		674BDA1F252B5ED800C8B0B2 /* RegistrationController.swift in Sources */ = {isa = PBXBuildFile; fileRef = 674BDA1E252B5ED800C8B0B2 /* RegistrationController.swift */; };
		67BD451F252B3A87008E39A7 /* AppDelegate.swift in Sources */ = {isa = PBXBuildFile; fileRef = 67BD451E252B3A87008E39A7 /* AppDelegate.swift */; };
		67BD4521252B3A87008E39A7 /* SceneDelegate.swift in Sources */ = {isa = PBXBuildFile; fileRef = 67BD4520252B3A87008E39A7 /* SceneDelegate.swift */; };
		67BD4526252B3A87008E39A7 /* Main.storyboard in Resources */ = {isa = PBXBuildFile; fileRef = 67BD4524252B3A87008E39A7 /* Main.storyboard */; };
		67BD4528252B3A89008E39A7 /* Assets.xcassets in Resources */ = {isa = PBXBuildFile; fileRef = 67BD4527252B3A89008E39A7 /* Assets.xcassets */; };
		67BD452B252B3A89008E39A7 /* LaunchScreen.storyboard in Resources */ = {isa = PBXBuildFile; fileRef = 67BD4529252B3A89008E39A7 /* LaunchScreen.storyboard */; };
/* End PBXBuildFile section */

/* Begin PBXFileReference section */
		674216BE252B3F0F000B2DF4 /* MainTabController.swift */ = {isa = PBXFileReference; lastKnownFileType = sourcecode.swift; path = MainTabController.swift; sourceTree = "<group>"; };
		674216C1252B4622000B2DF4 /* FeedController.swift */ = {isa = PBXFileReference; lastKnownFileType = sourcecode.swift; path = FeedController.swift; sourceTree = "<group>"; };
		674216C4252B464A000B2DF4 /* ExploreController.swift */ = {isa = PBXFileReference; lastKnownFileType = sourcecode.swift; path = ExploreController.swift; sourceTree = "<group>"; };
		674216C8252B4670000B2DF4 /* NotificationsController.swift */ = {isa = PBXFileReference; lastKnownFileType = sourcecode.swift; path = NotificationsController.swift; sourceTree = "<group>"; };
		674216CB252B468E000B2DF4 /* ConversationsController.swift */ = {isa = PBXFileReference; lastKnownFileType = sourcecode.swift; path = ConversationsController.swift; sourceTree = "<group>"; };
		674BDA17252B568500C8B0B2 /* Extensions.swift */ = {isa = PBXFileReference; lastKnownFileType = sourcecode.swift; path = Extensions.swift; sourceTree = "<group>"; };
		674BDA1B252B5EC500C8B0B2 /* LoginController.swift */ = {isa = PBXFileReference; lastKnownFileType = sourcecode.swift; path = LoginController.swift; sourceTree = "<group>"; };
		674BDA1E252B5ED800C8B0B2 /* RegistrationController.swift */ = {isa = PBXFileReference; lastKnownFileType = sourcecode.swift; path = RegistrationController.swift; sourceTree = "<group>"; };
		67BD451B252B3A87008E39A7 /* TwitterClone.app */ = {isa = PBXFileReference; explicitFileType = wrapper.application; includeInIndex = 0; path = TwitterClone.app; sourceTree = BUILT_PRODUCTS_DIR; };
		67BD451E252B3A87008E39A7 /* AppDelegate.swift */ = {isa = PBXFileReference; lastKnownFileType = sourcecode.swift; path = AppDelegate.swift; sourceTree = "<group>"; };
		67BD4520252B3A87008E39A7 /* SceneDelegate.swift */ = {isa = PBXFileReference; lastKnownFileType = sourcecode.swift; path = SceneDelegate.swift; sourceTree = "<group>"; };
		67BD4525252B3A87008E39A7 /* Base */ = {isa = PBXFileReference; lastKnownFileType = file.storyboard; name = Base; path = Base.lproj/Main.storyboard; sourceTree = "<group>"; };
		67BD4527252B3A89008E39A7 /* Assets.xcassets */ = {isa = PBXFileReference; lastKnownFileType = folder.assetcatalog; path = Assets.xcassets; sourceTree = "<group>"; };
		67BD452A252B3A89008E39A7 /* Base */ = {isa = PBXFileReference; lastKnownFileType = file.storyboard; name = Base; path = Base.lproj/LaunchScreen.storyboard; sourceTree = "<group>"; };
		67BD452C252B3A89008E39A7 /* Info.plist */ = {isa = PBXFileReference; lastKnownFileType = text.plist.xml; path = Info.plist; sourceTree = "<group>"; };
/* End PBXFileReference section */

/* Begin PBXFrameworksBuildPhase section */
		67BD4518252B3A87008E39A7 /* Frameworks */ = {
			isa = PBXFrameworksBuildPhase;
			buildActionMask = 2147483647;
			files = (
			);
			runOnlyForDeploymentPostprocessing = 0;
		};
/* End PBXFrameworksBuildPhase section */

/* Begin PBXGroup section */
		674BDA1A252B5E9E00C8B0B2 /* Authentication */ = {
			isa = PBXGroup;
			children = (
				674BDA1B252B5EC500C8B0B2 /* LoginController.swift */,
				674BDA1E252B5ED800C8B0B2 /* RegistrationController.swift */,
			);
			path = Authentication;
			sourceTree = "<group>";
		};
		67BD4512252B3A87008E39A7 = {
			isa = PBXGroup;
			children = (
				67BD451D252B3A87008E39A7 /* TwitterClone */,
				67BD451C252B3A87008E39A7 /* Products */,
			);
			sourceTree = "<group>";
		};
		67BD451C252B3A87008E39A7 /* Products */ = {
			isa = PBXGroup;
			children = (
				67BD451B252B3A87008E39A7 /* TwitterClone.app */,
			);
			name = Products;
			sourceTree = "<group>";
		};
		67BD451D252B3A87008E39A7 /* TwitterClone */ = {
			isa = PBXGroup;
			children = (
				67BD4539252B3B18008E39A7 /* Model */,
				67BD4538252B3B16008E39A7 /* View */,
				67BD4537252B3B12008E39A7 /* ViewModel */,
				67BD4536252B3B0F008E39A7 /* Controller */,
				67BD4535252B3B0B008E39A7 /* API */,
				67BD4534252B3B07008E39A7 /* Utils */,
				67BD451E252B3A87008E39A7 /* AppDelegate.swift */,
				67BD4520252B3A87008E39A7 /* SceneDelegate.swift */,
				67BD4524252B3A87008E39A7 /* Main.storyboard */,
				67BD4527252B3A89008E39A7 /* Assets.xcassets */,
				67BD4529252B3A89008E39A7 /* LaunchScreen.storyboard */,
				67BD452C252B3A89008E39A7 /* Info.plist */,
			);
			path = TwitterClone;
			sourceTree = "<group>";
		};
		67BD4534252B3B07008E39A7 /* Utils */ = {
			isa = PBXGroup;
			children = (
				674BDA17252B568500C8B0B2 /* Extensions.swift */,
			);
			path = Utils;
			sourceTree = "<group>";
		};
		67BD4535252B3B0B008E39A7 /* API */ = {
			isa = PBXGroup;
			children = (
			);
			path = API;
			sourceTree = "<group>";
		};
		67BD4536252B3B0F008E39A7 /* Controller */ = {
			isa = PBXGroup;
			children = (
				674BDA1A252B5E9E00C8B0B2 /* Authentication */,
				674216BE252B3F0F000B2DF4 /* MainTabController.swift */,
				674216C1252B4622000B2DF4 /* FeedController.swift */,
				674216C4252B464A000B2DF4 /* ExploreController.swift */,
				674216C8252B4670000B2DF4 /* NotificationsController.swift */,
				674216CB252B468E000B2DF4 /* ConversationsController.swift */,
			);
			path = Controller;
			sourceTree = "<group>";
		};
		67BD4537252B3B12008E39A7 /* ViewModel */ = {
			isa = PBXGroup;
			children = (
			);
			path = ViewModel;
			sourceTree = "<group>";
		};
		67BD4538252B3B16008E39A7 /* View */ = {
			isa = PBXGroup;
			children = (
			);
			path = View;
			sourceTree = "<group>";
		};
		67BD4539252B3B18008E39A7 /* Model */ = {
			isa = PBXGroup;
			children = (
			);
			path = Model;
			sourceTree = "<group>";
		};
/* End PBXGroup section */

/* Begin PBXNativeTarget section */
		67BD451A252B3A87008E39A7 /* TwitterClone */ = {
			isa = PBXNativeTarget;
			buildConfigurationList = 67BD452F252B3A89008E39A7 /* Build configuration list for PBXNativeTarget "TwitterClone" */;
			buildPhases = (
				67BD4517252B3A87008E39A7 /* Sources */,
				67BD4518252B3A87008E39A7 /* Frameworks */,
				67BD4519252B3A87008E39A7 /* Resources */,
			);
			buildRules = (
			);
			dependencies = (
			);
			name = TwitterClone;
			productName = TwitterClone;
			productReference = 67BD451B252B3A87008E39A7 /* TwitterClone.app */;
			productType = "com.apple.product-type.application";
		};
/* End PBXNativeTarget section */

/* Begin PBXProject section */
		67BD4513252B3A87008E39A7 /* Project object */ = {
			isa = PBXProject;
			attributes = {
				LastSwiftUpdateCheck = 1200;
				LastUpgradeCheck = 1200;
				TargetAttributes = {
					67BD451A252B3A87008E39A7 = {
						CreatedOnToolsVersion = 12.0.1;
					};
				};
			};
			buildConfigurationList = 67BD4516252B3A87008E39A7 /* Build configuration list for PBXProject "TwitterClone" */;
			compatibilityVersion = "Xcode 9.3";
			developmentRegion = en;
			hasScannedForEncodings = 0;
			knownRegions = (
				en,
				Base,
			);
			mainGroup = 67BD4512252B3A87008E39A7;
			productRefGroup = 67BD451C252B3A87008E39A7 /* Products */;
			projectDirPath = "";
			projectRoot = "";
			targets = (
				67BD451A252B3A87008E39A7 /* TwitterClone */,
			);
		};
/* End PBXProject section */

/* Begin PBXResourcesBuildPhase section */
		67BD4519252B3A87008E39A7 /* Resources */ = {
			isa = PBXResourcesBuildPhase;
			buildActionMask = 2147483647;
			files = (
				67BD452B252B3A89008E39A7 /* LaunchScreen.storyboard in Resources */,
				67BD4528252B3A89008E39A7 /* Assets.xcassets in Resources */,
				67BD4526252B3A87008E39A7 /* Main.storyboard in Resources */,
			);
			runOnlyForDeploymentPostprocessing = 0;
		};
/* End PBXResourcesBuildPhase section */

/* Begin PBXSourcesBuildPhase section */
		67BD4517252B3A87008E39A7 /* Sources */ = {
			isa = PBXSourcesBuildPhase;
			buildActionMask = 2147483647;
			files = (
				674216C9252B4670000B2DF4 /* NotificationsController.swift in Sources */,
				674216CC252B468E000B2DF4 /* ConversationsController.swift in Sources */,
				67BD451F252B3A87008E39A7 /* AppDelegate.swift in Sources */,
				674BDA18252B568500C8B0B2 /* Extensions.swift in Sources */,
				674BDA1C252B5EC500C8B0B2 /* LoginController.swift in Sources */,
				674216C5252B464A000B2DF4 /* ExploreController.swift in Sources */,
				67BD4521252B3A87008E39A7 /* SceneDelegate.swift in Sources */,
				674216C2252B4622000B2DF4 /* FeedController.swift in Sources */,
				674BDA1F252B5ED800C8B0B2 /* RegistrationController.swift in Sources */,
				674216BF252B3F0F000B2DF4 /* MainTabController.swift in Sources */,
			);
			runOnlyForDeploymentPostprocessing = 0;
		};
/* End PBXSourcesBuildPhase section */

/* Begin PBXVariantGroup section */
		67BD4524252B3A87008E39A7 /* Main.storyboard */ = {
			isa = PBXVariantGroup;
			children = (
				67BD4525252B3A87008E39A7 /* Base */,
			);
			name = Main.storyboard;
			sourceTree = "<group>";
		};
		67BD4529252B3A89008E39A7 /* LaunchScreen.storyboard */ = {
			isa = PBXVariantGroup;
			children = (
				67BD452A252B3A89008E39A7 /* Base */,
			);
			name = LaunchScreen.storyboard;
			sourceTree = "<group>";
		};
/* End PBXVariantGroup section */

/* Begin XCBuildConfiguration section */
		67BD452D252B3A89008E39A7 /* Debug */ = {
			isa = XCBuildConfiguration;
			buildSettings = {
				ALWAYS_SEARCH_USER_PATHS = NO;
				CLANG_ANALYZER_NONNULL = YES;
				CLANG_ANALYZER_NUMBER_OBJECT_CONVERSION = YES_AGGRESSIVE;
				CLANG_CXX_LANGUAGE_STANDARD = "gnu++14";
				CLANG_CXX_LIBRARY = "libc++";
				CLANG_ENABLE_MODULES = YES;
				CLANG_ENABLE_OBJC_ARC = YES;
				CLANG_ENABLE_OBJC_WEAK = YES;
				CLANG_WARN_BLOCK_CAPTURE_AUTORELEASING = YES;
				CLANG_WARN_BOOL_CONVERSION = YES;
				CLANG_WARN_COMMA = YES;
				CLANG_WARN_CONSTANT_CONVERSION = YES;
				CLANG_WARN_DEPRECATED_OBJC_IMPLEMENTATIONS = YES;
				CLANG_WARN_DIRECT_OBJC_ISA_USAGE = YES_ERROR;
				CLANG_WARN_DOCUMENTATION_COMMENTS = YES;
				CLANG_WARN_EMPTY_BODY = YES;
				CLANG_WARN_ENUM_CONVERSION = YES;
				CLANG_WARN_INFINITE_RECURSION = YES;
				CLANG_WARN_INT_CONVERSION = YES;
				CLANG_WARN_NON_LITERAL_NULL_CONVERSION = YES;
				CLANG_WARN_OBJC_IMPLICIT_RETAIN_SELF = YES;
				CLANG_WARN_OBJC_LITERAL_CONVERSION = YES;
				CLANG_WARN_OBJC_ROOT_CLASS = YES_ERROR;
				CLANG_WARN_QUOTED_INCLUDE_IN_FRAMEWORK_HEADER = YES;
				CLANG_WARN_RANGE_LOOP_ANALYSIS = YES;
				CLANG_WARN_STRICT_PROTOTYPES = YES;
				CLANG_WARN_SUSPICIOUS_MOVE = YES;
				CLANG_WARN_UNGUARDED_AVAILABILITY = YES_AGGRESSIVE;
				CLANG_WARN_UNREACHABLE_CODE = YES;
				CLANG_WARN__DUPLICATE_METHOD_MATCH = YES;
				COPY_PHASE_STRIP = NO;
				DEBUG_INFORMATION_FORMAT = dwarf;
				ENABLE_STRICT_OBJC_MSGSEND = YES;
				ENABLE_TESTABILITY = YES;
				GCC_C_LANGUAGE_STANDARD = gnu11;
				GCC_DYNAMIC_NO_PIC = NO;
				GCC_NO_COMMON_BLOCKS = YES;
				GCC_OPTIMIZATION_LEVEL = 0;
				GCC_PREPROCESSOR_DEFINITIONS = (
					"DEBUG=1",
					"$(inherited)",
				);
				GCC_WARN_64_TO_32_BIT_CONVERSION = YES;
				GCC_WARN_ABOUT_RETURN_TYPE = YES_ERROR;
				GCC_WARN_UNDECLARED_SELECTOR = YES;
				GCC_WARN_UNINITIALIZED_AUTOS = YES_AGGRESSIVE;
				GCC_WARN_UNUSED_FUNCTION = YES;
				GCC_WARN_UNUSED_VARIABLE = YES;
				IPHONEOS_DEPLOYMENT_TARGET = 14.0;
				MTL_ENABLE_DEBUG_INFO = INCLUDE_SOURCE;
				MTL_FAST_MATH = YES;
				ONLY_ACTIVE_ARCH = YES;
				SDKROOT = iphoneos;
				SWIFT_ACTIVE_COMPILATION_CONDITIONS = DEBUG;
				SWIFT_OPTIMIZATION_LEVEL = "-Onone";
			};
			name = Debug;
		};
		67BD452E252B3A89008E39A7 /* Release */ = {
			isa = XCBuildConfiguration;
			buildSettings = {
				ALWAYS_SEARCH_USER_PATHS = NO;
				CLANG_ANALYZER_NONNULL = YES;
				CLANG_ANALYZER_NUMBER_OBJECT_CONVERSION = YES_AGGRESSIVE;
				CLANG_CXX_LANGUAGE_STANDARD = "gnu++14";
				CLANG_CXX_LIBRARY = "libc++";
				CLANG_ENABLE_MODULES = YES;
				CLANG_ENABLE_OBJC_ARC = YES;
				CLANG_ENABLE_OBJC_WEAK = YES;
				CLANG_WARN_BLOCK_CAPTURE_AUTORELEASING = YES;
				CLANG_WARN_BOOL_CONVERSION = YES;
				CLANG_WARN_COMMA = YES;
				CLANG_WARN_CONSTANT_CONVERSION = YES;
				CLANG_WARN_DEPRECATED_OBJC_IMPLEMENTATIONS = YES;
				CLANG_WARN_DIRECT_OBJC_ISA_USAGE = YES_ERROR;
				CLANG_WARN_DOCUMENTATION_COMMENTS = YES;
				CLANG_WARN_EMPTY_BODY = YES;
				CLANG_WARN_ENUM_CONVERSION = YES;
				CLANG_WARN_INFINITE_RECURSION = YES;
				CLANG_WARN_INT_CONVERSION = YES;
				CLANG_WARN_NON_LITERAL_NULL_CONVERSION = YES;
				CLANG_WARN_OBJC_IMPLICIT_RETAIN_SELF = YES;
				CLANG_WARN_OBJC_LITERAL_CONVERSION = YES;
				CLANG_WARN_OBJC_ROOT_CLASS = YES_ERROR;
				CLANG_WARN_QUOTED_INCLUDE_IN_FRAMEWORK_HEADER = YES;
				CLANG_WARN_RANGE_LOOP_ANALYSIS = YES;
				CLANG_WARN_STRICT_PROTOTYPES = YES;
				CLANG_WARN_SUSPICIOUS_MOVE = YES;
				CLANG_WARN_UNGUARDED_AVAILABILITY = YES_AGGRESSIVE;
				CLANG_WARN_UNREACHABLE_CODE = YES;
				CLANG_WARN__DUPLICATE_METHOD_MATCH = YES;
				COPY_PHASE_STRIP = NO;
				DEBUG_INFORMATION_FORMAT = "dwarf-with-dsym";
				ENABLE_NS_ASSERTIONS = NO;
				ENABLE_STRICT_OBJC_MSGSEND = YES;
				GCC_C_LANGUAGE_STANDARD = gnu11;
				GCC_NO_COMMON_BLOCKS = YES;
				GCC_WARN_64_TO_32_BIT_CONVERSION = YES;
				GCC_WARN_ABOUT_RETURN_TYPE = YES_ERROR;
				GCC_WARN_UNDECLARED_SELECTOR = YES;
				GCC_WARN_UNINITIALIZED_AUTOS = YES_AGGRESSIVE;
				GCC_WARN_UNUSED_FUNCTION = YES;
				GCC_WARN_UNUSED_VARIABLE = YES;
				IPHONEOS_DEPLOYMENT_TARGET = 14.0;
				MTL_ENABLE_DEBUG_INFO = NO;
				MTL_FAST_MATH = YES;
				SDKROOT = iphoneos;
				SWIFT_COMPILATION_MODE = wholemodule;
				SWIFT_OPTIMIZATION_LEVEL = "-O";
				VALIDATE_PRODUCT = YES;
			};
			name = Release;
		};
		67BD4530252B3A89008E39A7 /* Debug */ = {
			isa = XCBuildConfiguration;
			buildSettings = {
				ASSETCATALOG_COMPILER_APPICON_NAME = AppIcon;
				ASSETCATALOG_COMPILER_GLOBAL_ACCENT_COLOR_NAME = AccentColor;
				CODE_SIGN_STYLE = Automatic;
				DEVELOPMENT_TEAM = 52PA7U84PR;
				INFOPLIST_FILE = TwitterClone/Info.plist;
				LD_RUNPATH_SEARCH_PATHS = (
					"$(inherited)",
					"@executable_path/Frameworks",
				);
				PRODUCT_BUNDLE_IDENTIFIER = com.andriiBoichuk.TwitterClone;
				PRODUCT_NAME = "$(TARGET_NAME)";
				SWIFT_VERSION = 5.0;
				TARGETED_DEVICE_FAMILY = 1;
			};
			name = Debug;
		};
		67BD4531252B3A89008E39A7 /* Release */ = {
			isa = XCBuildConfiguration;
			buildSettings = {
				ASSETCATALOG_COMPILER_APPICON_NAME = AppIcon;
				ASSETCATALOG_COMPILER_GLOBAL_ACCENT_COLOR_NAME = AccentColor;
				CODE_SIGN_STYLE = Automatic;
				DEVELOPMENT_TEAM = 52PA7U84PR;
				INFOPLIST_FILE = TwitterClone/Info.plist;
				LD_RUNPATH_SEARCH_PATHS = (
					"$(inherited)",
					"@executable_path/Frameworks",
				);
				PRODUCT_BUNDLE_IDENTIFIER = com.andriiBoichuk.TwitterClone;
				PRODUCT_NAME = "$(TARGET_NAME)";
				SWIFT_VERSION = 5.0;
				TARGETED_DEVICE_FAMILY = 1;
			};
			name = Release;
		};
/* End XCBuildConfiguration section */

/* Begin XCConfigurationList section */
		67BD4516252B3A87008E39A7 /* Build configuration list for PBXProject "TwitterClone" */ = {
			isa = XCConfigurationList;
			buildConfigurations = (
				67BD452D252B3A89008E39A7 /* Debug */,
				67BD452E252B3A89008E39A7 /* Release */,
			);
			defaultConfigurationIsVisible = 0;
			defaultConfigurationName = Release;
		};
		67BD452F252B3A89008E39A7 /* Build configuration list for PBXNativeTarget "TwitterClone" */ = {
			isa = XCConfigurationList;
			buildConfigurations = (
				67BD4530252B3A89008E39A7 /* Debug */,
				67BD4531252B3A89008E39A7 /* Release */,
			);
			defaultConfigurationIsVisible = 0;
			defaultConfigurationName = Release;
		};
/* End XCConfigurationList section */
	};
	rootObject = 67BD4513252B3A87008E39A7 /* Project object */;
}
